
Microsoft Visual Studio Solution File, Format Version 12.00
# Visual Studio Version 16
VisualStudioVersion = 16.0.29911.84
MinimumVisualStudioVersion = 10.0.40219.1
Project("{FAE04EC0-301F-11D3-BF4B-00C04F79EFBC}") = "coding_challenges", "coding_challenges\coding_challenges.csproj", "{15F4753D-E04C-42BA-991D-6D1D65F93EBA}"
EndProject
Project("{FAE04EC0-301F-11D3-BF4B-00C04F79EFBC}") = "coding_challenges.implementations", "coding_challenges.implementations\coding_challenges.implementations.csproj", "{C82FA3E2-E591-4827-9A80-BE786081EF6A}"
EndProject
Global
	GlobalSection(SolutionConfigurationPlatforms) = preSolution
		Debug|Any CPU = Debug|Any CPU
		Release|Any CPU = Release|Any CPU
	EndGlobalSection
	GlobalSection(ProjectConfigurationPlatforms) = postSolution
		{15F4753D-E04C-42BA-991D-6D1D65F93EBA}.Debug|Any CPU.ActiveCfg = Debug|Any CPU
		{15F4753D-E04C-42BA-991D-6D1D65F93EBA}.Debug|Any CPU.Build.0 = Debug|Any CPU
		{15F4753D-E04C-42BA-991D-6D1D65F93EBA}.Release|Any CPU.ActiveCfg = Release|Any CPU
		{15F4753D-E04C-42BA-991D-6D1D65F93EBA}.Release|Any CPU.Build.0 = Release|Any CPU
		{C82FA3E2-E591-4827-9A80-BE786081EF6A}.Debug|Any CPU.ActiveCfg = Debug|Any CPU
		{C82FA3E2-E591-4827-9A80-BE786081EF6A}.Debug|Any CPU.Build.0 = Debug|Any CPU
		{C82FA3E2-E591-4827-9A80-BE786081EF6A}.Release|Any CPU.ActiveCfg = Release|Any CPU
		{C82FA3E2-E591-4827-9A80-BE786081EF6A}.Release|Any CPU.Build.0 = Release|Any CPU
	EndGlobalSection
	GlobalSection(SolutionProperties) = preSolution
		HideSolutionNode = FALSE
	EndGlobalSection
	GlobalSection(ExtensibilityGlobals) = postSolution
		SolutionGuid = {5EC160B2-AB95-4696-9121-1B26D42000C0}
	EndGlobalSection
EndGlobal
